
Microsoft Visual Studio Solution File, Format Version 12.00
# Visual Studio Version 17
VisualStudioVersion = 17.5.002.0
MinimumVisualStudioVersion = 10.0.40219.1
Project("{9A19103F-16F7-4668-BE54-9A1E7A4F7556}") = "Attestation", "Attestation.csproj", "{3770465E-4C66-4C1A-A367-714297BA0926}"
EndProject
Global
	GlobalSection(SolutionConfigurationPlatforms) = preSolution
		Debug|Any CPU = Debug|Any CPU
		Release|Any CPU = Release|Any CPU
	EndGlobalSection
	GlobalSection(ProjectConfigurationPlatforms) = postSolution
		{3770465E-4C66-4C1A-A367-714297BA0926}.Debug|Any CPU.ActiveCfg = Debug|Any CPU
		{3770465E-4C66-4C1A-A367-714297BA0926}.Debug|Any CPU.Build.0 = Debug|Any CPU
		{3770465E-4C66-4C1A-A367-714297BA0926}.Release|Any CPU.ActiveCfg = Release|Any CPU
		{3770465E-4C66-4C1A-A367-714297BA0926}.Release|Any CPU.Build.0 = Release|Any CPU
	EndGlobalSection
	GlobalSection(SolutionProperties) = preSolution
		HideSolutionNode = FALSE
	EndGlobalSection
	GlobalSection(ExtensibilityGlobals) = postSolution
		SolutionGuid = {B82B0BC5-4BC2-44AB-906D-8B058FD9E78D}
	EndGlobalSection
EndGlobal
